{
  "name": "nano-json-lens-402",
  "version": "0.1.0",
  "lockfileVersion": 3,
  "requires": true,
  "packages": {
    "": {
      "name": "nano-json-lens-402",
      "version": "0.1.0",
      "dependencies": {
        "@x402/core": "2.22.0",
        "@x402nano/exact": "0.3.0",
        "jsonc-parser": "3.3.1",
        "nano-sdk": "1.0.1"
      },
      "devDependencies": {
        "@types/node": "24.0.0",
        "typescript": "5.9.3"
      },
      "engines": {
        "node": ">=24"
      }
    },
    "node_modules/@types/node": {
      "version": "24.0.0",
      "resolved": "https://registry.npmjs.org/@types/node/-/node-24.0.0.tgz",
      "integrity": "sha512-yZQa2zm87aRVcqDyH5+4Hv9KYgSdgwX1rFnGvpbzMaC7YAljmhBET93TPiTd3ObwTL+gSpIzPKg5BqVxdCvxKg==",
      "dev": true,
      "license": "MIT",
      "dependencies": {
        "undici-types": "~7.8.0"
      }
    },
    "node_modules/@x402/core": {
      "version": "2.22.0",
      "resolved": "https://registry.npmjs.org/@x402/core/-/core-2.22.0.tgz",
      "integrity": "sha512-hYySs/PvukqRipC2mKqrsn/jx2U/p5EGnN3clQ2CIcApwtoFuG77CqpC3Wy7Fdp/juW8t8quiPVnqGuIkfix1Q==",
      "license": "Apache-2.0",
      "dependencies": {
        "zod": "^3.24.2"
      }
    },
    "node_modules/@x402/core/node_modules/zod": {
      "version": "3.25.76",
      "resolved": "https://registry.npmjs.org/zod/-/zod-3.25.76.tgz",
      "integrity": "sha512-gzUt/qt81nXsFGKIFcC3YnfEAx5NkunCfnDlvuBSSFS02bcXu4Lmea0AFIUwbLWxWPx3d9p8S5QoaujKcNQxcQ==",
      "license": "MIT",
      "funding": {
        "url": "https://github.com/sponsors/colinhacks"
      }
    },
    "node_modules/@x402nano/exact": {
      "version": "0.3.0",
      "resolved": "https://registry.npmjs.org/@x402nano/exact/-/exact-0.3.0.tgz",
      "integrity": "sha512-LV3GR5NrXIsngSQYgTrz45hn03/y3j6y90LSPq9g4OfKW/D18sW1GjDy6ZUp4+IXqQHmxjruoX3K8kuJUEFZMg==",
      "license": "MIT",
      "dependencies": {
        "@x402/core": "^2.22.0",
        "@x402nano/helper": "^0.2.0",
        "@x402nano/typescript-common": "^0.1.0",
        "bignumber.js": "^9.3.1",
        "nano-sdk": "^1.0.1",
        "zod": "^4.2.1"
      }
    },
    "node_modules/@x402nano/helper": {
      "version": "0.2.0",
      "resolved": "https://registry.npmjs.org/@x402nano/helper/-/helper-0.2.0.tgz",
      "integrity": "sha512-d1rL+xCKFBxdtrNAp2Xl+sWJYkOys3BOtFqRhrTAAqIifNCOHldOq1HycPXIredY/txMdImCgy2pBvpsgexhWg==",
      "license": "MIT",
      "dependencies": {
        "@x402nano/typescript-common": "^0.1.0",
        "nano-sdk": "^1.0.7",
        "zod": "^4.3.2"
      }
    },
    "node_modules/@x402nano/helper/node_modules/nano-sdk": {
      "version": "1.0.7",
      "resolved": "https://registry.npmjs.org/nano-sdk/-/nano-sdk-1.0.7.tgz",
      "integrity": "sha512-33oTzalG52N+cZ3NzB83K6acSOcL3oXV2XShe2eY5qs1yl/UEDPrhQzQmYm2ohBpipkz5yKcLcBw13emHenuuA==",
      "license": "MIT",
      "dependencies": {
        "blakejs": "^1.2.1"
      },
      "peerDependencies": {
        "zod": "^4.1.0"
      }
    },
    "node_modules/@x402nano/typescript-common": {
      "version": "0.1.0",
      "resolved": "https://registry.npmjs.org/@x402nano/typescript-common/-/typescript-common-0.1.0.tgz",
      "integrity": "sha512-zlPlG3WUworq7449bVNsyLnxdOa5yh4NeyICLWwN/XswOZK/PFxycBgXGoQ/x6r6NjXv0ggFeo6/FikZvCkCXQ==",
      "license": "MIT",
      "dependencies": {
        "zod": "^4.2.1"
      }
    },
    "node_modules/bignumber.js": {
      "version": "9.3.1",
      "resolved": "https://registry.npmjs.org/bignumber.js/-/bignumber.js-9.3.1.tgz",
      "integrity": "sha512-Ko0uX15oIUS7wJ3Rb30Fs6SkVbLmPBAKdlm7q9+ak9bbIeFf0MwuBsQV6z7+X768/cHsfg+WlysDWJcmthjsjQ==",
      "license": "MIT",
      "engines": {
        "node": "*"
      }
    },
    "node_modules/blakejs": {
      "version": "1.2.1",
      "resolved": "https://registry.npmjs.org/blakejs/-/blakejs-1.2.1.tgz",
      "integrity": "sha512-QXUSXI3QVc/gJME0dBpXrag1kbzOqCjCX8/b54ntNyW6sjtoqxqRk3LTmXzaJoh71zMsDCjM+47jS7XiwN/+fQ==",
      "license": "MIT"
    },
    "node_modules/jsonc-parser": {
      "version": "3.3.1",
      "resolved": "https://registry.npmjs.org/jsonc-parser/-/jsonc-parser-3.3.1.tgz",
      "integrity": "sha512-HUgH65KyejrUFPvHFPbqOY0rsFip3Bo5wb4ngvdi1EpCYWUQDC5V+Y7mZws+DLkr4M//zQJoanu1SP+87Dv1oQ==",
      "license": "MIT"
    },
    "node_modules/nano-sdk": {
      "version": "1.0.1",
      "resolved": "https://registry.npmjs.org/nano-sdk/-/nano-sdk-1.0.1.tgz",
      "integrity": "sha512-9CLhiyc014WpqNtXpRb/5i2crNJXplR6Sw70ruOcNppTsFvMXuyMSkeYBYLoj58j0XiO1XcvqtijMRCuH0ogUQ==",
      "license": "MIT",
      "dependencies": {
        "blakejs": "^1.2.1"
      },
      "peerDependencies": {
        "zod": "^4.1.0"
      }
    },
    "node_modules/typescript": {
      "version": "5.9.3",
      "resolved": "https://registry.npmjs.org/typescript/-/typescript-5.9.3.tgz",
      "integrity": "sha512-jl1vZzPDinLr9eUt3J/t7V6FgNEw9QjvBPdysz9KfQDD41fQrC2Y4vKQdiaUpFT4bXlb1RHhLpp8wtm6M5TgSw==",
      "dev": true,
      "license": "Apache-2.0",
      "bin": {
        "tsc": "bin/tsc",
        "tsserver": "bin/tsserver"
      },
      "engines": {
        "node": ">=14.17"
      }
    },
    "node_modules/undici-types": {
      "version": "7.8.0",
      "resolved": "https://registry.npmjs.org/undici-types/-/undici-types-7.8.0.tgz",
      "integrity": "sha512-9UJ2xGDvQ43tYyVMpuHlsgApydB8ZKfVYTsLDhXkFL/6gfkp+U8xTGdh8pMJv1SpZna0zxG1DwsKZsreLbXBxw==",
      "dev": true,
      "license": "MIT"
    },
    "node_modules/zod": {
      "version": "4.6.5",
      "resolved": "https://registry.npmjs.org/zod/-/zod-4.6.5.tgz",
      "integrity": "sha512-v5l/aFXZQeai4awLbOpSoHecE9UiMrnfx75tEXLjNonXVARxQ5mOeipTjROUchszUNCqnE+hqAMujRsRHsut2Q==",
      "license": "MIT",
      "funding": {
        "url": "https://github.com/sponsors/colinhacks"
      }
    }
  }
}
