name: resolve-lock

on:
  push:
    branches: ["work/task-5-nano-payment-gate"]

permissions:
  contents: read

jobs:
  lock:
    runs-on: ubuntu-latest
    timeout-minutes: 10
    steps:
      - uses: actions/checkout@v4
      - uses: actions/setup-node@v4
        with:
          node-version: '24'
          cache: npm
      - run: npm install --package-lock-only --ignore-scripts
      - uses: actions/upload-artifact@v4
        with:
          name: resolved-package-lock
          path: package-lock.json
          if-no-files-found: error
          retention-days: 1
